
Microsoft Visual Studio Solution File, Format Version 12.00
# Visual Studio Version 16
VisualStudioVersion = 16.0.31129.286
MinimumVisualStudioVersion = 10.0.40219.1
Project("{9A19103F-16F7-4668-BE54-9A1E7A4F7556}") = "ConsoleAppFundamentals", "ConsoleAppFundamentals.csproj", "{17949230-DC76-408D-9F84-E2D7901D1CB6}"
EndProject
Global
	GlobalSection(SolutionConfigurationPlatforms) = preSolution
		Debug|Any CPU = Debug|Any CPU
		Release|Any CPU = Release|Any CPU
	EndGlobalSection
	GlobalSection(ProjectConfigurationPlatforms) = postSolution
		{17949230-DC76-408D-9F84-E2D7901D1CB6}.Debug|Any CPU.ActiveCfg = Debug|Any CPU
		{17949230-DC76-408D-9F84-E2D7901D1CB6}.Debug|Any CPU.Build.0 = Debug|Any CPU
		{17949230-DC76-408D-9F84-E2D7901D1CB6}.Release|Any CPU.ActiveCfg = Release|Any CPU
		{17949230-DC76-408D-9F84-E2D7901D1CB6}.Release|Any CPU.Build.0 = Release|Any CPU
	EndGlobalSection
	GlobalSection(SolutionProperties) = preSolution
		HideSolutionNode = FALSE
	EndGlobalSection
	GlobalSection(ExtensibilityGlobals) = postSolution
		SolutionGuid = {F6BA1CB1-8BC2-41B7-B281-3FD7C67BA8D7}
	EndGlobalSection
EndGlobal
